%{
  "yamerl": {:hex, :yamerl, "0.8.0", "8214cfe16bbabe5d1d6c14a14aea11c784b9a21903dd6a7c74f8ce180adae5c7", [:rebar3], [], "hexpm", "010634477bf9c208a0767dcca89116c2442cf0b5e87f9c870f85cd1c3e0c2aab"},
  "yaml_elixir": {:hex, :yaml_elixir, "2.4.0", "2f444abc3c994c902851fde56b6a9cb82895c291c05a0490a289035c2e62ae71", [:mix], [{:yamerl, "~> 0.7", [hex: :yamerl, repo: "hexpm", optional: false]}], "hexpm", "4e25a6d5c873e393689c6f1062c5ec90f6cd1be2527b073178ae37eae4c78bee"},
}
